{
  "name": "ctx-budget",
  "version": "0.5.1",
  "lockfileVersion": 3,
  "requires": true,
  "packages": {
    "": {
      "name": "ctx-budget",
      "version": "0.5.1",
      "license": "MIT",
      "dependencies": {
        "gpt-tokenizer": "^3.4.0",
        "ignore": "^7.0.6"
      },
      "bin": {
        "ctx-budget": "bin/ctx-budget.js"
      }
    },
    "node_modules/gpt-tokenizer": {
      "version": "3.4.0",
      "resolved": "https://registry.npmjs.org/gpt-tokenizer/-/gpt-tokenizer-3.4.0.tgz",
      "integrity": "sha512-wxFLnhIXTDjYebd9A9pGl3e31ZpSypbpIJSOswbgop5jLte/AsZVDvjlbEuVFlsqZixVKqbcoNmRlFDf6pz/UQ==",
      "license": "MIT"
    },
    "node_modules/ignore": {
      "version": "7.0.6",
      "resolved": "https://registry.npmjs.org/ignore/-/ignore-7.0.6.tgz",
      "integrity": "sha512-BAg6QkE8W+TuQLrrw0Ugr7HegXduRuuj8/ti2kSOc+jz1dmx8/WNcjr6XGnq5YpDWxFwwaavqD0+jIUOKelTsw==",
      "license": "MIT",
      "engines": {
        "node": ">= 4"
      }
    }
  }
}
